
Microsoft Visual Studio Solution File, Format Version 12.00
# Visual Studio 15
VisualStudioVersion = 15.0.28306.52
MinimumVisualStudioVersion = 10.0.40219.1
Project("{00D1A9C2-B5F0-4AF3-8072-F6C62B433612}") = "LoanPayment", "LoanPayment\LoanPayment.sqlproj", "{50C1889E-7F36-4E03-9515-9240120BE113}"
EndProject
Global
	GlobalSection(SolutionConfigurationPlatforms) = preSolution
		Debug|Any CPU = Debug|Any CPU
		Release|Any CPU = Release|Any CPU
	EndGlobalSection
	GlobalSection(ProjectConfigurationPlatforms) = postSolution
		{50C1889E-7F36-4E03-9515-9240120BE113}.Debug|Any CPU.ActiveCfg = Debug|Any CPU
		{50C1889E-7F36-4E03-9515-9240120BE113}.Debug|Any CPU.Build.0 = Debug|Any CPU
		{50C1889E-7F36-4E03-9515-9240120BE113}.Debug|Any CPU.Deploy.0 = Debug|Any CPU
		{50C1889E-7F36-4E03-9515-9240120BE113}.Release|Any CPU.ActiveCfg = Release|Any CPU
		{50C1889E-7F36-4E03-9515-9240120BE113}.Release|Any CPU.Build.0 = Release|Any CPU
		{50C1889E-7F36-4E03-9515-9240120BE113}.Release|Any CPU.Deploy.0 = Release|Any CPU
	EndGlobalSection
	GlobalSection(SolutionProperties) = preSolution
		HideSolutionNode = FALSE
	EndGlobalSection
	GlobalSection(ExtensibilityGlobals) = postSolution
		SolutionGuid = {69B8448D-43CC-4675-A389-10AC066961D7}
	EndGlobalSection
EndGlobal
